{
  "object": {
    "pins": [
      {
        "package": "Termbox",
        "repositoryURL": "https://github.com/dduan/Termbox.git",
        "state": {
          "branch": null,
          "revision": "03fc5a8dc44b4ac8c75b3cefde18e7b642cd8118",
          "version": "1.0.0-alpha.2"
        }
      }
    ]
  },
  "version": 1
}
