// !$*UTF8*$!
{
	archiveVersion = 1;
	classes = {
	};
	objectVersion = 46;
	objects = {

/* Begin PBXBuildFile section */
		1D1EB4021E656F7C003A2174 /* Demo.swift in Sources */ = {isa = PBXBuildFile; fileRef = 1D1EB3FF1E656F7C003A2174 /* Demo.swift */; };
		1D1EB4031E656F7C003A2174 /* InputDemo.swift in Sources */ = {isa = PBXBuildFile; fileRef = 1D1EB4001E656F7C003A2174 /* InputDemo.swift */; };
		1D1EB4041E656F7C003A2174 /* SpinnersDemo.swift in Sources */ = {isa = PBXBuildFile; fileRef = 1D1EB4011E656F7C003A2174 /* SpinnersDemo.swift */; };
		1D1EB4061E6570F9003A2174 /* Box.swift in Sources */ = {isa = PBXBuildFile; fileRef = 1D1EB4051E6570F9003A2174 /* Box.swift */; };
		1D1EB4081E670593003A2174 /* Component.swift in Sources */ = {isa = PBXBuildFile; fileRef = 1D1EB4071E670593003A2174 /* Component.swift */; };
		1D1EB40B1E6816A7003A2174 /* CanvasView.swift in Sources */ = {isa = PBXBuildFile; fileRef = 1D1EB4091E679FAC003A2174 /* CanvasView.swift */; };
		1D1EB40D1E6818E2003A2174 /* FloatStructs.swift in Sources */ = {isa = PBXBuildFile; fileRef = 1D1EB40C1E6818E2003A2174 /* FloatStructs.swift */; };
		1D1EB40F1E681C1B003A2174 /* CanvasDemo.swift in Sources */ = {isa = PBXBuildFile; fileRef = 1D1EB40E1E681C1B003A2174 /* CanvasDemo.swift */; };
		1D1EB4111E68E0D7003A2174 /* WindowSpecs.swift in Sources */ = {isa = PBXBuildFile; fileRef = 1D1EB4101E68E0D7003A2174 /* WindowSpecs.swift */; };
		1D1EB4151E690021003A2174 /* Event.swift in Sources */ = {isa = PBXBuildFile; fileRef = 1D1EB4131E690021003A2174 /* Event.swift */; };
		1D3B291E1E6C867F00673F6D /* FlowLayout.swift in Sources */ = {isa = PBXBuildFile; fileRef = 1D3B291C1E6C867F00673F6D /* FlowLayout.swift */; };
		1D3B291F1E6C867F00673F6D /* GridLayout.swift in Sources */ = {isa = PBXBuildFile; fileRef = 1D3B291D1E6C867F00673F6D /* GridLayout.swift */; };
		1D3B29211E6C8D5D00673F6D /* FlowLayoutDemo.swift in Sources */ = {isa = PBXBuildFile; fileRef = 1D3B29201E6C8D5D00673F6D /* FlowLayoutDemo.swift */; };
		1D3B29231E6C929800673F6D /* GridLayoutDemo.swift in Sources */ = {isa = PBXBuildFile; fileRef = 1D3B29221E6C929800673F6D /* GridLayoutDemo.swift */; };
		1D3B29271E6CDC9A00673F6D /* Http.swift in Sources */ = {isa = PBXBuildFile; fileRef = 1D3B29251E6CDC9A00673F6D /* Http.swift */; };
		1D3B29281E6CDC9A00673F6D /* Result.swift in Sources */ = {isa = PBXBuildFile; fileRef = 1D3B29261E6CDC9A00673F6D /* Result.swift */; };
		1D3B292A1E6CDDC300673F6D /* HttpCommandDemo.swift in Sources */ = {isa = PBXBuildFile; fileRef = 1D3B29291E6CDDC300673F6D /* HttpCommandDemo.swift */; };
		1D3B292C1E6DBE0100673F6D /* Command.swift in Sources */ = {isa = PBXBuildFile; fileRef = 1D3B292B1E6DBE0100673F6D /* Command.swift */; };
		1D3B292E1E6E1B3800673F6D /* SizeDescription.swift in Sources */ = {isa = PBXBuildFile; fileRef = 1D3B292D1E6E1B3800673F6D /* SizeDescription.swift */; };
		1D51AEC41E81BF9F002AE4D3 /* AlgorithmDemo.swift in Sources */ = {isa = PBXBuildFile; fileRef = 1D51AEC31E81BF9F002AE4D3 /* AlgorithmDemo.swift */; };
		1D51C9DF1E77348000D445BE /* Attr.swift in Sources */ = {isa = PBXBuildFile; fileRef = 1D51C9DC1E77348000D445BE /* Attr.swift */; };
		1D51C9E01E77348000D445BE /* NcursesScreen.swift in Sources */ = {isa = PBXBuildFile; fileRef = 1D51C9DD1E77348000D445BE /* NcursesScreen.swift */; };
		1D51C9E11E77348000D445BE /* Text.swift in Sources */ = {isa = PBXBuildFile; fileRef = 1D51C9DE1E77348000D445BE /* Text.swift */; };
		1D94E8441E6C2EFF008D9D99 /* SizeDescriptionSpecs.swift in Sources */ = {isa = PBXBuildFile; fileRef = 1D94E8431E6C2EFF008D9D99 /* SizeDescriptionSpecs.swift */; };
		1D9CF0791E6123F5003D2A48 /* KeyEvent.swift in Sources */ = {isa = PBXBuildFile; fileRef = 1D9CF0751E6123F5003D2A48 /* KeyEvent.swift */; };
		1D9CF07A1E6123F5003D2A48 /* MouseEvent.swift in Sources */ = {isa = PBXBuildFile; fileRef = 1D9CF0761E6123F5003D2A48 /* MouseEvent.swift */; };
		1D9CF07B1E6123F5003D2A48 /* WindowEvent.swift in Sources */ = {isa = PBXBuildFile; fileRef = 1D9CF0771E6123F5003D2A48 /* WindowEvent.swift */; };
		1D9CF0801E612418003D2A48 /* App.swift in Sources */ = {isa = PBXBuildFile; fileRef = 1D9CF07C1E612418003D2A48 /* App.swift */; };
		1D9CF0821E612418003D2A48 /* Program.swift in Sources */ = {isa = PBXBuildFile; fileRef = 1D9CF07E1E612418003D2A48 /* Program.swift */; };
		1D9CF0831E612418003D2A48 /* Screen.swift in Sources */ = {isa = PBXBuildFile; fileRef = 1D9CF07F1E612418003D2A48 /* Screen.swift */; };
		1D9CF0861E61250E003D2A48 /* SpecsProgram.swift in Sources */ = {isa = PBXBuildFile; fileRef = 1D9CF0851E61250E003D2A48 /* SpecsProgram.swift */; };
		1D9CF0891E61CABA003D2A48 /* OnTickSpecs.swift in Sources */ = {isa = PBXBuildFile; fileRef = 1D9CF0871E61CABA003D2A48 /* OnTickSpecs.swift */; };
		1D9CF08A1E61CABA003D2A48 /* Mocks.swift in Sources */ = {isa = PBXBuildFile; fileRef = 1D9CF0881E61CABA003D2A48 /* Mocks.swift */; };
		1D9CF08C1E61D16D003D2A48 /* ScreenSpecs.swift in Sources */ = {isa = PBXBuildFile; fileRef = 1D9CF08B1E61D16D003D2A48 /* ScreenSpecs.swift */; };
		1D9CF0901E61F2AB003D2A48 /* OnNextSpecs.swift in Sources */ = {isa = PBXBuildFile; fileRef = 1D9CF08F1E61F2AB003D2A48 /* OnNextSpecs.swift */; };
		1D9CF0961E61F7A0003D2A48 /* Expectations.swift in Sources */ = {isa = PBXBuildFile; fileRef = 1D9CF0931E61F7A0003D2A48 /* Expectations.swift */; };
		1D9CF0971E61F7A0003D2A48 /* InputViewSpecs.swift in Sources */ = {isa = PBXBuildFile; fileRef = 1D9CF0941E61F7A0003D2A48 /* InputViewSpecs.swift */; };
		1D9CF0981E61F7A0003D2A48 /* SpecRunner.swift in Sources */ = {isa = PBXBuildFile; fileRef = 1D9CF0951E61F7A0003D2A48 /* SpecRunner.swift */; };
		1D9CF09E1E6222CF003D2A48 /* SpecsScreen.swift in Sources */ = {isa = PBXBuildFile; fileRef = 1D9CF09D1E6222CF003D2A48 /* SpecsScreen.swift */; };
		1D9CF0A01E6235AD003D2A48 /* LabelViewSpecs.swift in Sources */ = {isa = PBXBuildFile; fileRef = 1D9CF09F1E6235AD003D2A48 /* LabelViewSpecs.swift */; };
		1D9CF0A41E628B99003D2A48 /* SpinnerViewSpecs.swift in Sources */ = {isa = PBXBuildFile; fileRef = 1D9CF0A31E628B99003D2A48 /* SpinnerViewSpecs.swift */; };
		1D9CF0AD1E629CAC003D2A48 /* InputView.swift in Sources */ = {isa = PBXBuildFile; fileRef = 1D9CF0A71E629CAC003D2A48 /* InputView.swift */; };
		1D9CF0AE1E629CAC003D2A48 /* LabelView.swift in Sources */ = {isa = PBXBuildFile; fileRef = 1D9CF0A81E629CAC003D2A48 /* LabelView.swift */; };
		1D9CF0AF1E629CAC003D2A48 /* LogView.swift in Sources */ = {isa = PBXBuildFile; fileRef = 1D9CF0A91E629CAC003D2A48 /* LogView.swift */; };
		1D9CF0B01E629CAC003D2A48 /* SpinnerView.swift in Sources */ = {isa = PBXBuildFile; fileRef = 1D9CF0AA1E629CAC003D2A48 /* SpinnerView.swift */; };
		1D9CF0B11E629CAC003D2A48 /* Structs.swift in Sources */ = {isa = PBXBuildFile; fileRef = 1D9CF0AB1E629CAC003D2A48 /* Structs.swift */; };
		1D9CF0B51E62B8A7003D2A48 /* EventComponents.swift in Sources */ = {isa = PBXBuildFile; fileRef = 1D9CF0B21E62B8A7003D2A48 /* EventComponents.swift */; };
		1D9CF0B71E62B8A7003D2A48 /* Window.swift in Sources */ = {isa = PBXBuildFile; fileRef = 1D9CF0B41E62B8A7003D2A48 /* Window.swift */; };
		1DAF7C5A1E5CC4EB003365BA /* libncurses.tbd in Frameworks */ = {isa = PBXBuildFile; fileRef = 1DAF7C591E5CC4EB003365BA /* libncurses.tbd */; };
		1DAF7C621E5E3258003365BA /* main.swift in Sources */ = {isa = PBXBuildFile; fileRef = 1DAF7C601E5E3258003365BA /* main.swift */; };
		1DEB7C781E6E5557000BA381 /* HttpSpecs.swift in Sources */ = {isa = PBXBuildFile; fileRef = 1DEB7C771E6E5557000BA381 /* HttpSpecs.swift */; };
		1DEB7C7C1E70A26F000BA381 /* Buffer.swift in Sources */ = {isa = PBXBuildFile; fileRef = 1DEB7C7B1E70A26F000BA381 /* Buffer.swift */; };
		1DEB7C7E1E71C807000BA381 /* BoxSpecs.swift in Sources */ = {isa = PBXBuildFile; fileRef = 1DEB7C7D1E71C807000BA381 /* BoxSpecs.swift */; };
		1DEB7C801E71E9AC000BA381 /* BlackBoxGame.swift in Sources */ = {isa = PBXBuildFile; fileRef = 1DEB7C7F1E71E9AC000BA381 /* BlackBoxGame.swift */; };
/* End PBXBuildFile section */

/* Begin PBXCopyFilesBuildPhase section */
		1DAF7C4C1E5CC09E003365BA /* CopyFiles */ = {
			isa = PBXCopyFilesBuildPhase;
			buildActionMask = 2147483647;
			dstPath = /usr/share/man/man1/;
			dstSubfolderSpec = 0;
			files = (
			);
			runOnlyForDeploymentPostprocessing = 1;
		};
/* End PBXCopyFilesBuildPhase section */

/* Begin PBXFileReference section */
		1D1EB3FF1E656F7C003A2174 /* Demo.swift */ = {isa = PBXFileReference; fileEncoding = 4; lastKnownFileType = sourcecode.swift; path = Demo.swift; sourceTree = "<group>"; };
		1D1EB4001E656F7C003A2174 /* InputDemo.swift */ = {isa = PBXFileReference; fileEncoding = 4; lastKnownFileType = sourcecode.swift; path = InputDemo.swift; sourceTree = "<group>"; };
		1D1EB4011E656F7C003A2174 /* SpinnersDemo.swift */ = {isa = PBXFileReference; fileEncoding = 4; lastKnownFileType = sourcecode.swift; path = SpinnersDemo.swift; sourceTree = "<group>"; };
		1D1EB4051E6570F9003A2174 /* Box.swift */ = {isa = PBXFileReference; fileEncoding = 4; lastKnownFileType = sourcecode.swift; path = Box.swift; sourceTree = "<group>"; };
		1D1EB4071E670593003A2174 /* Component.swift */ = {isa = PBXFileReference; fileEncoding = 4; lastKnownFileType = sourcecode.swift; path = Component.swift; sourceTree = "<group>"; };
		1D1EB4091E679FAC003A2174 /* CanvasView.swift */ = {isa = PBXFileReference; fileEncoding = 4; lastKnownFileType = sourcecode.swift; path = CanvasView.swift; sourceTree = "<group>"; };
		1D1EB40C1E6818E2003A2174 /* FloatStructs.swift */ = {isa = PBXFileReference; fileEncoding = 4; lastKnownFileType = sourcecode.swift; path = FloatStructs.swift; sourceTree = "<group>"; };
		1D1EB40E1E681C1B003A2174 /* CanvasDemo.swift */ = {isa = PBXFileReference; fileEncoding = 4; lastKnownFileType = sourcecode.swift; path = CanvasDemo.swift; sourceTree = "<group>"; };
		1D1EB4101E68E0D7003A2174 /* WindowSpecs.swift */ = {isa = PBXFileReference; fileEncoding = 4; lastKnownFileType = sourcecode.swift; path = WindowSpecs.swift; sourceTree = "<group>"; };
		1D1EB4131E690021003A2174 /* Event.swift */ = {isa = PBXFileReference; fileEncoding = 4; lastKnownFileType = sourcecode.swift; path = Event.swift; sourceTree = "<group>"; };
		1D3B291C1E6C867F00673F6D /* FlowLayout.swift */ = {isa = PBXFileReference; fileEncoding = 4; lastKnownFileType = sourcecode.swift; path = FlowLayout.swift; sourceTree = "<group>"; };
		1D3B291D1E6C867F00673F6D /* GridLayout.swift */ = {isa = PBXFileReference; fileEncoding = 4; lastKnownFileType = sourcecode.swift; path = GridLayout.swift; sourceTree = "<group>"; };
		1D3B29201E6C8D5D00673F6D /* FlowLayoutDemo.swift */ = {isa = PBXFileReference; fileEncoding = 4; lastKnownFileType = sourcecode.swift; path = FlowLayoutDemo.swift; sourceTree = "<group>"; };
		1D3B29221E6C929800673F6D /* GridLayoutDemo.swift */ = {isa = PBXFileReference; fileEncoding = 4; lastKnownFileType = sourcecode.swift; path = GridLayoutDemo.swift; sourceTree = "<group>"; };
		1D3B29251E6CDC9A00673F6D /* Http.swift */ = {isa = PBXFileReference; fileEncoding = 4; lastKnownFileType = sourcecode.swift; path = Http.swift; sourceTree = "<group>"; };
		1D3B29261E6CDC9A00673F6D /* Result.swift */ = {isa = PBXFileReference; fileEncoding = 4; lastKnownFileType = sourcecode.swift; path = Result.swift; sourceTree = "<group>"; };
		1D3B29291E6CDDC300673F6D /* HttpCommandDemo.swift */ = {isa = PBXFileReference; fileEncoding = 4; lastKnownFileType = sourcecode.swift; path = HttpCommandDemo.swift; sourceTree = "<group>"; };
		1D3B292B1E6DBE0100673F6D /* Command.swift */ = {isa = PBXFileReference; fileEncoding = 4; lastKnownFileType = sourcecode.swift; path = Command.swift; sourceTree = "<group>"; };
		1D3B292D1E6E1B3800673F6D /* SizeDescription.swift */ = {isa = PBXFileReference; fileEncoding = 4; lastKnownFileType = sourcecode.swift; path = SizeDescription.swift; sourceTree = "<group>"; };
		1D51AEC31E81BF9F002AE4D3 /* AlgorithmDemo.swift */ = {isa = PBXFileReference; fileEncoding = 4; lastKnownFileType = sourcecode.swift; path = AlgorithmDemo.swift; sourceTree = "<group>"; };
		1D51C9DC1E77348000D445BE /* Attr.swift */ = {isa = PBXFileReference; fileEncoding = 4; lastKnownFileType = sourcecode.swift; path = Attr.swift; sourceTree = "<group>"; };
		1D51C9DD1E77348000D445BE /* NcursesScreen.swift */ = {isa = PBXFileReference; fileEncoding = 4; lastKnownFileType = sourcecode.swift; path = NcursesScreen.swift; sourceTree = "<group>"; };
		1D51C9DE1E77348000D445BE /* Text.swift */ = {isa = PBXFileReference; fileEncoding = 4; lastKnownFileType = sourcecode.swift; path = Text.swift; sourceTree = "<group>"; };
		1D94E8431E6C2EFF008D9D99 /* SizeDescriptionSpecs.swift */ = {isa = PBXFileReference; fileEncoding = 4; lastKnownFileType = sourcecode.swift; path = SizeDescriptionSpecs.swift; sourceTree = "<group>"; };
		1D9CF0751E6123F5003D2A48 /* KeyEvent.swift */ = {isa = PBXFileReference; fileEncoding = 4; lastKnownFileType = sourcecode.swift; path = KeyEvent.swift; sourceTree = "<group>"; };
		1D9CF0761E6123F5003D2A48 /* MouseEvent.swift */ = {isa = PBXFileReference; fileEncoding = 4; lastKnownFileType = sourcecode.swift; path = MouseEvent.swift; sourceTree = "<group>"; };
		1D9CF0771E6123F5003D2A48 /* WindowEvent.swift */ = {isa = PBXFileReference; fileEncoding = 4; lastKnownFileType = sourcecode.swift; path = WindowEvent.swift; sourceTree = "<group>"; };
		1D9CF07C1E612418003D2A48 /* App.swift */ = {isa = PBXFileReference; fileEncoding = 4; lastKnownFileType = sourcecode.swift; path = App.swift; sourceTree = "<group>"; };
		1D9CF07E1E612418003D2A48 /* Program.swift */ = {isa = PBXFileReference; fileEncoding = 4; lastKnownFileType = sourcecode.swift; path = Program.swift; sourceTree = "<group>"; };
		1D9CF07F1E612418003D2A48 /* Screen.swift */ = {isa = PBXFileReference; fileEncoding = 4; lastKnownFileType = sourcecode.swift; path = Screen.swift; sourceTree = "<group>"; };
		1D9CF0851E61250E003D2A48 /* SpecsProgram.swift */ = {isa = PBXFileReference; fileEncoding = 4; lastKnownFileType = sourcecode.swift; path = SpecsProgram.swift; sourceTree = "<group>"; };
		1D9CF0871E61CABA003D2A48 /* OnTickSpecs.swift */ = {isa = PBXFileReference; fileEncoding = 4; lastKnownFileType = sourcecode.swift; path = OnTickSpecs.swift; sourceTree = "<group>"; };
		1D9CF0881E61CABA003D2A48 /* Mocks.swift */ = {isa = PBXFileReference; fileEncoding = 4; lastKnownFileType = sourcecode.swift; path = Mocks.swift; sourceTree = "<group>"; };
		1D9CF08B1E61D16D003D2A48 /* ScreenSpecs.swift */ = {isa = PBXFileReference; fileEncoding = 4; lastKnownFileType = sourcecode.swift; path = ScreenSpecs.swift; sourceTree = "<group>"; };
		1D9CF08F1E61F2AB003D2A48 /* OnNextSpecs.swift */ = {isa = PBXFileReference; fileEncoding = 4; lastKnownFileType = sourcecode.swift; path = OnNextSpecs.swift; sourceTree = "<group>"; };
		1D9CF0931E61F7A0003D2A48 /* Expectations.swift */ = {isa = PBXFileReference; fileEncoding = 4; lastKnownFileType = sourcecode.swift; path = Expectations.swift; sourceTree = "<group>"; };
		1D9CF0941E61F7A0003D2A48 /* InputViewSpecs.swift */ = {isa = PBXFileReference; fileEncoding = 4; lastKnownFileType = sourcecode.swift; path = InputViewSpecs.swift; sourceTree = "<group>"; };
		1D9CF0951E61F7A0003D2A48 /* SpecRunner.swift */ = {isa = PBXFileReference; fileEncoding = 4; lastKnownFileType = sourcecode.swift; path = SpecRunner.swift; sourceTree = "<group>"; };
		1D9CF09D1E6222CF003D2A48 /* SpecsScreen.swift */ = {isa = PBXFileReference; fileEncoding = 4; lastKnownFileType = sourcecode.swift; path = SpecsScreen.swift; sourceTree = "<group>"; };
		1D9CF09F1E6235AD003D2A48 /* LabelViewSpecs.swift */ = {isa = PBXFileReference; fileEncoding = 4; lastKnownFileType = sourcecode.swift; path = LabelViewSpecs.swift; sourceTree = "<group>"; };
		1D9CF0A31E628B99003D2A48 /* SpinnerViewSpecs.swift */ = {isa = PBXFileReference; fileEncoding = 4; lastKnownFileType = sourcecode.swift; path = SpinnerViewSpecs.swift; sourceTree = "<group>"; };
		1D9CF0A71E629CAC003D2A48 /* InputView.swift */ = {isa = PBXFileReference; fileEncoding = 4; lastKnownFileType = sourcecode.swift; path = InputView.swift; sourceTree = "<group>"; };
		1D9CF0A81E629CAC003D2A48 /* LabelView.swift */ = {isa = PBXFileReference; fileEncoding = 4; lastKnownFileType = sourcecode.swift; path = LabelView.swift; sourceTree = "<group>"; };
		1D9CF0A91E629CAC003D2A48 /* LogView.swift */ = {isa = PBXFileReference; fileEncoding = 4; lastKnownFileType = sourcecode.swift; path = LogView.swift; sourceTree = "<group>"; };
		1D9CF0AA1E629CAC003D2A48 /* SpinnerView.swift */ = {isa = PBXFileReference; fileEncoding = 4; lastKnownFileType = sourcecode.swift; path = SpinnerView.swift; sourceTree = "<group>"; };
		1D9CF0AB1E629CAC003D2A48 /* Structs.swift */ = {isa = PBXFileReference; fileEncoding = 4; lastKnownFileType = sourcecode.swift; path = Structs.swift; sourceTree = "<group>"; };
		1D9CF0B21E62B8A7003D2A48 /* EventComponents.swift */ = {isa = PBXFileReference; fileEncoding = 4; lastKnownFileType = sourcecode.swift; path = EventComponents.swift; sourceTree = "<group>"; };
		1D9CF0B41E62B8A7003D2A48 /* Window.swift */ = {isa = PBXFileReference; fileEncoding = 4; lastKnownFileType = sourcecode.swift; path = Window.swift; sourceTree = "<group>"; };
		1DAF7C4E1E5CC09E003365BA /* Ashen */ = {isa = PBXFileReference; explicitFileType = "compiled.mach-o.executable"; includeInIndex = 0; path = Ashen; sourceTree = BUILT_PRODUCTS_DIR; };
		1DAF7C591E5CC4EB003365BA /* libncurses.tbd */ = {isa = PBXFileReference; lastKnownFileType = "sourcecode.text-based-dylib-definition"; name = libncurses.tbd; path = usr/lib/libncurses.tbd; sourceTree = SDKROOT; };
		1DAF7C601E5E3258003365BA /* main.swift */ = {isa = PBXFileReference; fileEncoding = 4; lastKnownFileType = sourcecode.swift; path = main.swift; sourceTree = "<group>"; };
		1DEB7C771E6E5557000BA381 /* HttpSpecs.swift */ = {isa = PBXFileReference; fileEncoding = 4; lastKnownFileType = sourcecode.swift; path = HttpSpecs.swift; sourceTree = "<group>"; };
		1DEB7C7B1E70A26F000BA381 /* Buffer.swift */ = {isa = PBXFileReference; fileEncoding = 4; lastKnownFileType = sourcecode.swift; path = Buffer.swift; sourceTree = "<group>"; };
		1DEB7C7D1E71C807000BA381 /* BoxSpecs.swift */ = {isa = PBXFileReference; fileEncoding = 4; lastKnownFileType = sourcecode.swift; path = BoxSpecs.swift; sourceTree = "<group>"; };
		1DEB7C7F1E71E9AC000BA381 /* BlackBoxGame.swift */ = {isa = PBXFileReference; fileEncoding = 4; lastKnownFileType = sourcecode.swift; path = BlackBoxGame.swift; sourceTree = "<group>"; };
/* End PBXFileReference section */

/* Begin PBXFrameworksBuildPhase section */
		1DAF7C4B1E5CC09E003365BA /* Frameworks */ = {
			isa = PBXFrameworksBuildPhase;
			buildActionMask = 2147483647;
			files = (
				1DAF7C5A1E5CC4EB003365BA /* libncurses.tbd in Frameworks */,
			);
			runOnlyForDeploymentPostprocessing = 0;
		};
/* End PBXFrameworksBuildPhase section */

/* Begin PBXGroup section */
		1D1EB3FE1E656F70003A2174 /* Demo */ = {
			isa = PBXGroup;
			children = (
				1D51AEC31E81BF9F002AE4D3 /* AlgorithmDemo.swift */,
				1DEB7C7F1E71E9AC000BA381 /* BlackBoxGame.swift */,
				1D1EB40E1E681C1B003A2174 /* CanvasDemo.swift */,
				1D1EB3FF1E656F7C003A2174 /* Demo.swift */,
				1D3B29201E6C8D5D00673F6D /* FlowLayoutDemo.swift */,
				1D3B29221E6C929800673F6D /* GridLayoutDemo.swift */,
				1D3B29291E6CDDC300673F6D /* HttpCommandDemo.swift */,
				1D1EB4001E656F7C003A2174 /* InputDemo.swift */,
				1D1EB4011E656F7C003A2174 /* SpinnersDemo.swift */,
			);
			path = Demo;
			sourceTree = "<group>";
		};
		1D3B29241E6CDC8A00673F6D /* Commands */ = {
			isa = PBXGroup;
			children = (
				1D3B292B1E6DBE0100673F6D /* Command.swift */,
				1D3B29251E6CDC9A00673F6D /* Http.swift */,
				1D3B29261E6CDC9A00673F6D /* Result.swift */,
			);
			path = Commands;
			sourceTree = "<group>";
		};
		1D9CF0721E612385003D2A48 /* Events */ = {
			isa = PBXGroup;
			children = (
				1D9CF0751E6123F5003D2A48 /* KeyEvent.swift */,
				1D9CF0761E6123F5003D2A48 /* MouseEvent.swift */,
				1D9CF0771E6123F5003D2A48 /* WindowEvent.swift */,
			);
			path = Events;
			sourceTree = "<group>";
		};
		1D9CF0731E6123AC003D2A48 /* Core */ = {
			isa = PBXGroup;
			children = (
				1D9CF07C1E612418003D2A48 /* App.swift */,
				1D51C9DC1E77348000D445BE /* Attr.swift */,
				1DEB7C7B1E70A26F000BA381 /* Buffer.swift */,
				1D1EB4071E670593003A2174 /* Component.swift */,
				1D1EB4131E690021003A2174 /* Event.swift */,
				1D51C9DD1E77348000D445BE /* NcursesScreen.swift */,
				1D9CF07E1E612418003D2A48 /* Program.swift */,
				1D9CF07F1E612418003D2A48 /* Screen.swift */,
				1D51C9DE1E77348000D445BE /* Text.swift */,
			);
			path = Core;
			sourceTree = "<group>";
		};
		1D9CF0841E612425003D2A48 /* Specs */ = {
			isa = PBXGroup;
			children = (
				1DEB7C7D1E71C807000BA381 /* BoxSpecs.swift */,
				1D9CF0931E61F7A0003D2A48 /* Expectations.swift */,
				1DEB7C771E6E5557000BA381 /* HttpSpecs.swift */,
				1D9CF0941E61F7A0003D2A48 /* InputViewSpecs.swift */,
				1D9CF09F1E6235AD003D2A48 /* LabelViewSpecs.swift */,
				1D9CF0881E61CABA003D2A48 /* Mocks.swift */,
				1D9CF08F1E61F2AB003D2A48 /* OnNextSpecs.swift */,
				1D9CF0871E61CABA003D2A48 /* OnTickSpecs.swift */,
				1D9CF08B1E61D16D003D2A48 /* ScreenSpecs.swift */,
				1D94E8431E6C2EFF008D9D99 /* SizeDescriptionSpecs.swift */,
				1D9CF0951E61F7A0003D2A48 /* SpecRunner.swift */,
				1D9CF0851E61250E003D2A48 /* SpecsProgram.swift */,
				1D9CF09D1E6222CF003D2A48 /* SpecsScreen.swift */,
				1D9CF0A31E628B99003D2A48 /* SpinnerViewSpecs.swift */,
				1D1EB4101E68E0D7003A2174 /* WindowSpecs.swift */,
			);
			path = Specs;
			sourceTree = "<group>";
		};
		1D9CF0A51E629C35003D2A48 /* Components */ = {
			isa = PBXGroup;
			children = (
				1D1EB4051E6570F9003A2174 /* Box.swift */,
				1D1EB4091E679FAC003A2174 /* CanvasView.swift */,
				1D9CF0B21E62B8A7003D2A48 /* EventComponents.swift */,
				1D1EB40C1E6818E2003A2174 /* FloatStructs.swift */,
				1D3B291C1E6C867F00673F6D /* FlowLayout.swift */,
				1D3B291D1E6C867F00673F6D /* GridLayout.swift */,
				1D9CF0A71E629CAC003D2A48 /* InputView.swift */,
				1D9CF0A81E629CAC003D2A48 /* LabelView.swift */,
				1D9CF0A91E629CAC003D2A48 /* LogView.swift */,
				1D3B292D1E6E1B3800673F6D /* SizeDescription.swift */,
				1D9CF0AA1E629CAC003D2A48 /* SpinnerView.swift */,
				1D9CF0AB1E629CAC003D2A48 /* Structs.swift */,
				1D9CF0B41E62B8A7003D2A48 /* Window.swift */,
			);
			path = Components;
			sourceTree = "<group>";
		};
		1DAF7C451E5CC09E003365BA = {
			isa = PBXGroup;
			children = (
				1DAF7C5D1E5E3244003365BA /* Sources */,
				1DAF7C4F1E5CC09E003365BA /* Products */,
				1DAF7C581E5CC4EB003365BA /* Frameworks */,
			);
			sourceTree = "<group>";
		};
		1DAF7C4F1E5CC09E003365BA /* Products */ = {
			isa = PBXGroup;
			children = (
				1DAF7C4E1E5CC09E003365BA /* Ashen */,
			);
			name = Products;
			sourceTree = "<group>";
		};
		1DAF7C581E5CC4EB003365BA /* Frameworks */ = {
			isa = PBXGroup;
			children = (
				1DAF7C591E5CC4EB003365BA /* libncurses.tbd */,
			);
			name = Frameworks;
			sourceTree = "<group>";
		};
		1DAF7C5D1E5E3244003365BA /* Sources */ = {
			isa = PBXGroup;
			children = (
				1D3B29241E6CDC8A00673F6D /* Commands */,
				1D9CF0A51E629C35003D2A48 /* Components */,
				1D9CF0731E6123AC003D2A48 /* Core */,
				1D1EB3FE1E656F70003A2174 /* Demo */,
				1D9CF0721E612385003D2A48 /* Events */,
				1DAF7C601E5E3258003365BA /* main.swift */,
				1D9CF0841E612425003D2A48 /* Specs */,
			);
			path = Sources;
			sourceTree = "<group>";
		};
/* End PBXGroup section */

/* Begin PBXNativeTarget section */
		1DAF7C4D1E5CC09E003365BA /* Ashen */ = {
			isa = PBXNativeTarget;
			buildConfigurationList = 1DAF7C551E5CC09F003365BA /* Build configuration list for PBXNativeTarget "Ashen" */;
			buildPhases = (
				1DAF7C4A1E5CC09E003365BA /* Sources */,
				1DAF7C4B1E5CC09E003365BA /* Frameworks */,
				1DAF7C4C1E5CC09E003365BA /* CopyFiles */,
			);
			buildRules = (
			);
			dependencies = (
			);
			name = Ashen;
			productName = Ashen;
			productReference = 1DAF7C4E1E5CC09E003365BA /* Ashen */;
			productType = "com.apple.product-type.tool";
		};
/* End PBXNativeTarget section */

/* Begin PBXProject section */
		1DAF7C461E5CC09E003365BA /* Project object */ = {
			isa = PBXProject;
			attributes = {
				LastSwiftUpdateCheck = 0820;
				LastUpgradeCheck = 0820;
				ORGANIZATIONNAME = colinta;
				TargetAttributes = {
					1DAF7C4D1E5CC09E003365BA = {
						CreatedOnToolsVersion = 8.2;
						DevelopmentTeam = 5QDS9Z456R;
						LastSwiftMigration = 0820;
						ProvisioningStyle = Automatic;
					};
				};
			};
			buildConfigurationList = 1DAF7C491E5CC09E003365BA /* Build configuration list for PBXProject "Ashen" */;
			compatibilityVersion = "Xcode 3.2";
			developmentRegion = English;
			hasScannedForEncodings = 0;
			knownRegions = (
				en,
			);
			mainGroup = 1DAF7C451E5CC09E003365BA;
			productRefGroup = 1DAF7C4F1E5CC09E003365BA /* Products */;
			projectDirPath = "";
			projectRoot = "";
			targets = (
				1DAF7C4D1E5CC09E003365BA /* Ashen */,
			);
		};
/* End PBXProject section */

/* Begin PBXSourcesBuildPhase section */
		1DAF7C4A1E5CC09E003365BA /* Sources */ = {
			isa = PBXSourcesBuildPhase;
			buildActionMask = 2147483647;
			files = (
				1D3B29231E6C929800673F6D /* GridLayoutDemo.swift in Sources */,
				1DEB7C7C1E70A26F000BA381 /* Buffer.swift in Sources */,
				1D9CF0B01E629CAC003D2A48 /* SpinnerView.swift in Sources */,
				1D94E8441E6C2EFF008D9D99 /* SizeDescriptionSpecs.swift in Sources */,
				1D9CF0B11E629CAC003D2A48 /* Structs.swift in Sources */,
				1D3B291E1E6C867F00673F6D /* FlowLayout.swift in Sources */,
				1D1EB40B1E6816A7003A2174 /* CanvasView.swift in Sources */,
				1D9CF0B51E62B8A7003D2A48 /* EventComponents.swift in Sources */,
				1D3B291F1E6C867F00673F6D /* GridLayout.swift in Sources */,
				1D9CF0A01E6235AD003D2A48 /* LabelViewSpecs.swift in Sources */,
				1D1EB40D1E6818E2003A2174 /* FloatStructs.swift in Sources */,
				1D1EB4081E670593003A2174 /* Component.swift in Sources */,
				1D3B29211E6C8D5D00673F6D /* FlowLayoutDemo.swift in Sources */,
				1D9CF0891E61CABA003D2A48 /* OnTickSpecs.swift in Sources */,
				1D3B292E1E6E1B3800673F6D /* SizeDescription.swift in Sources */,
				1D1EB4041E656F7C003A2174 /* SpinnersDemo.swift in Sources */,
				1DEB7C7E1E71C807000BA381 /* BoxSpecs.swift in Sources */,
				1D3B292A1E6CDDC300673F6D /* HttpCommandDemo.swift in Sources */,
				1D9CF09E1E6222CF003D2A48 /* SpecsScreen.swift in Sources */,
				1D9CF0A41E628B99003D2A48 /* SpinnerViewSpecs.swift in Sources */,
				1D9CF08C1E61D16D003D2A48 /* ScreenSpecs.swift in Sources */,
				1D9CF0981E61F7A0003D2A48 /* SpecRunner.swift in Sources */,
				1D3B29281E6CDC9A00673F6D /* Result.swift in Sources */,
				1D9CF0961E61F7A0003D2A48 /* Expectations.swift in Sources */,
				1DAF7C621E5E3258003365BA /* main.swift in Sources */,
				1D51C9E01E77348000D445BE /* NcursesScreen.swift in Sources */,
				1D1EB4061E6570F9003A2174 /* Box.swift in Sources */,
				1D9CF0791E6123F5003D2A48 /* KeyEvent.swift in Sources */,
				1D9CF0B71E62B8A7003D2A48 /* Window.swift in Sources */,
				1D9CF0901E61F2AB003D2A48 /* OnNextSpecs.swift in Sources */,
				1D9CF08A1E61CABA003D2A48 /* Mocks.swift in Sources */,
				1D51AEC41E81BF9F002AE4D3 /* AlgorithmDemo.swift in Sources */,
				1D9CF0AF1E629CAC003D2A48 /* LogView.swift in Sources */,
				1D1EB4021E656F7C003A2174 /* Demo.swift in Sources */,
				1D3B29271E6CDC9A00673F6D /* Http.swift in Sources */,
				1D51C9E11E77348000D445BE /* Text.swift in Sources */,
				1D9CF0AE1E629CAC003D2A48 /* LabelView.swift in Sources */,
				1D3B292C1E6DBE0100673F6D /* Command.swift in Sources */,
				1D9CF0831E612418003D2A48 /* Screen.swift in Sources */,
				1D51C9DF1E77348000D445BE /* Attr.swift in Sources */,
				1D9CF0861E61250E003D2A48 /* SpecsProgram.swift in Sources */,
				1D1EB4111E68E0D7003A2174 /* WindowSpecs.swift in Sources */,
				1D9CF0821E612418003D2A48 /* Program.swift in Sources */,
				1D1EB4151E690021003A2174 /* Event.swift in Sources */,
				1DEB7C781E6E5557000BA381 /* HttpSpecs.swift in Sources */,
				1D9CF07A1E6123F5003D2A48 /* MouseEvent.swift in Sources */,
				1D9CF0801E612418003D2A48 /* App.swift in Sources */,
				1D1EB4031E656F7C003A2174 /* InputDemo.swift in Sources */,
				1DEB7C801E71E9AC000BA381 /* BlackBoxGame.swift in Sources */,
				1D1EB40F1E681C1B003A2174 /* CanvasDemo.swift in Sources */,
				1D9CF0AD1E629CAC003D2A48 /* InputView.swift in Sources */,
				1D9CF07B1E6123F5003D2A48 /* WindowEvent.swift in Sources */,
				1D9CF0971E61F7A0003D2A48 /* InputViewSpecs.swift in Sources */,
			);
			runOnlyForDeploymentPostprocessing = 0;
		};
/* End PBXSourcesBuildPhase section */

/* Begin XCBuildConfiguration section */
		1DAF7C531E5CC09F003365BA /* Debug */ = {
			isa = XCBuildConfiguration;
			buildSettings = {
				ALWAYS_SEARCH_USER_PATHS = NO;
				CLANG_ANALYZER_NONNULL = YES;
				CLANG_CXX_LANGUAGE_STANDARD = "gnu++0x";
				CLANG_CXX_LIBRARY = "libc++";
				CLANG_ENABLE_MODULES = YES;
				CLANG_ENABLE_OBJC_ARC = YES;
				CLANG_WARN_BOOL_CONVERSION = YES;
				CLANG_WARN_CONSTANT_CONVERSION = YES;
				CLANG_WARN_DIRECT_OBJC_ISA_USAGE = YES_ERROR;
				CLANG_WARN_DOCUMENTATION_COMMENTS = YES;
				CLANG_WARN_EMPTY_BODY = YES;
				CLANG_WARN_ENUM_CONVERSION = YES;
				CLANG_WARN_INFINITE_RECURSION = YES;
				CLANG_WARN_INT_CONVERSION = YES;
				CLANG_WARN_OBJC_ROOT_CLASS = YES_ERROR;
				CLANG_WARN_SUSPICIOUS_MOVE = YES;
				CLANG_WARN_UNREACHABLE_CODE = YES;
				CLANG_WARN__DUPLICATE_METHOD_MATCH = YES;
				CODE_SIGN_IDENTITY = "-";
				COPY_PHASE_STRIP = NO;
				DEBUG_INFORMATION_FORMAT = dwarf;
				ENABLE_STRICT_OBJC_MSGSEND = YES;
				ENABLE_TESTABILITY = YES;
				GCC_C_LANGUAGE_STANDARD = gnu99;
				GCC_DYNAMIC_NO_PIC = NO;
				GCC_NO_COMMON_BLOCKS = YES;
				GCC_OPTIMIZATION_LEVEL = 0;
				GCC_PREPROCESSOR_DEFINITIONS = (
					"DEBUG=1",
					"$(inherited)",
				);
				GCC_WARN_64_TO_32_BIT_CONVERSION = YES;
				GCC_WARN_ABOUT_RETURN_TYPE = YES_ERROR;
				GCC_WARN_UNDECLARED_SELECTOR = YES;
				GCC_WARN_UNINITIALIZED_AUTOS = YES_AGGRESSIVE;
				GCC_WARN_UNUSED_FUNCTION = YES;
				GCC_WARN_UNUSED_VARIABLE = YES;
				MACOSX_DEPLOYMENT_TARGET = 10.11;
				MTL_ENABLE_DEBUG_INFO = YES;
				ONLY_ACTIVE_ARCH = YES;
				SDKROOT = macosx;
				SWIFT_OPTIMIZATION_LEVEL = "-Onone";
			};
			name = Debug;
		};
		1DAF7C541E5CC09F003365BA /* Release */ = {
			isa = XCBuildConfiguration;
			buildSettings = {
				ALWAYS_SEARCH_USER_PATHS = NO;
				CLANG_ANALYZER_NONNULL = YES;
				CLANG_CXX_LANGUAGE_STANDARD = "gnu++0x";
				CLANG_CXX_LIBRARY = "libc++";
				CLANG_ENABLE_MODULES = YES;
				CLANG_ENABLE_OBJC_ARC = YES;
				CLANG_WARN_BOOL_CONVERSION = YES;
				CLANG_WARN_CONSTANT_CONVERSION = YES;
				CLANG_WARN_DIRECT_OBJC_ISA_USAGE = YES_ERROR;
				CLANG_WARN_DOCUMENTATION_COMMENTS = YES;
				CLANG_WARN_EMPTY_BODY = YES;
				CLANG_WARN_ENUM_CONVERSION = YES;
				CLANG_WARN_INFINITE_RECURSION = YES;
				CLANG_WARN_INT_CONVERSION = YES;
				CLANG_WARN_OBJC_ROOT_CLASS = YES_ERROR;
				CLANG_WARN_SUSPICIOUS_MOVE = YES;
				CLANG_WARN_UNREACHABLE_CODE = YES;
				CLANG_WARN__DUPLICATE_METHOD_MATCH = YES;
				CODE_SIGN_IDENTITY = "-";
				COPY_PHASE_STRIP = NO;
				DEBUG_INFORMATION_FORMAT = "dwarf-with-dsym";
				ENABLE_NS_ASSERTIONS = NO;
				ENABLE_STRICT_OBJC_MSGSEND = YES;
				GCC_C_LANGUAGE_STANDARD = gnu99;
				GCC_NO_COMMON_BLOCKS = YES;
				GCC_WARN_64_TO_32_BIT_CONVERSION = YES;
				GCC_WARN_ABOUT_RETURN_TYPE = YES_ERROR;
				GCC_WARN_UNDECLARED_SELECTOR = YES;
				GCC_WARN_UNINITIALIZED_AUTOS = YES_AGGRESSIVE;
				GCC_WARN_UNUSED_FUNCTION = YES;
				GCC_WARN_UNUSED_VARIABLE = YES;
				MACOSX_DEPLOYMENT_TARGET = 10.11;
				MTL_ENABLE_DEBUG_INFO = NO;
				SDKROOT = macosx;
			};
			name = Release;
		};
		1DAF7C561E5CC09F003365BA /* Debug */ = {
			isa = XCBuildConfiguration;
			buildSettings = {
				CLANG_ENABLE_MODULES = YES;
				DEVELOPMENT_TEAM = 5QDS9Z456R;
				LD_RUNPATH_SEARCH_PATHS = "$(inherited) @executable_path/../Frameworks @loader_path/../Frameworks";
				PRODUCT_NAME = "$(TARGET_NAME)";
				SWIFT_OPTIMIZATION_LEVEL = "-Onone";
				SWIFT_VERSION = 3.0;
			};
			name = Debug;
		};
		1DAF7C571E5CC09F003365BA /* Release */ = {
			isa = XCBuildConfiguration;
			buildSettings = {
				CLANG_ENABLE_MODULES = YES;
				DEVELOPMENT_TEAM = 5QDS9Z456R;
				LD_RUNPATH_SEARCH_PATHS = "$(inherited) @executable_path/../Frameworks @loader_path/../Frameworks";
				PRODUCT_NAME = "$(TARGET_NAME)";
				SWIFT_VERSION = 3.0;
			};
			name = Release;
		};
/* End XCBuildConfiguration section */

/* Begin XCConfigurationList section */
		1DAF7C491E5CC09E003365BA /* Build configuration list for PBXProject "Ashen" */ = {
			isa = XCConfigurationList;
			buildConfigurations = (
				1DAF7C531E5CC09F003365BA /* Debug */,
				1DAF7C541E5CC09F003365BA /* Release */,
			);
			defaultConfigurationIsVisible = 0;
			defaultConfigurationName = Release;
		};
		1DAF7C551E5CC09F003365BA /* Build configuration list for PBXNativeTarget "Ashen" */ = {
			isa = XCConfigurationList;
			buildConfigurations = (
				1DAF7C561E5CC09F003365BA /* Debug */,
				1DAF7C571E5CC09F003365BA /* Release */,
			);
			defaultConfigurationIsVisible = 0;
			defaultConfigurationName = Release;
		};
/* End XCConfigurationList section */
	};
	rootObject = 1DAF7C461E5CC09E003365BA /* Project object */;
}
